// !$*UTF8*$!
{
	archiveVersion = 1;
	classes = {
	};
	objectVersion = 46;
	objects = {

/* Begin PBXBuildFile section */
		F6AF8E9C1AEE34ED0002EB45 /* AppDelegate.swift in Sources */ = {isa = PBXBuildFile; fileRef = F6AF8E9B1AEE34ED0002EB45 /* AppDelegate.swift */; };
		F6AF8E9E1AEE34ED0002EB45 /* ViewController.swift in Sources */ = {isa = PBXBuildFile; fileRef = F6AF8E9D1AEE34ED0002EB45 /* ViewController.swift */; };
		F6AF8EA11AEE34ED0002EB45 /* Main.storyboard in Resources */ = {isa = PBXBuildFile; fileRef = F6AF8E9F1AEE34ED0002EB45 /* Main.storyboard */; };
		F6AF8EA31AEE34ED0002EB45 /* Images.xcassets in Resources */ = {isa = PBXBuildFile; fileRef = F6AF8EA21AEE34ED0002EB45 /* Images.xcassets */; };
		F6AF8EA61AEE34ED0002EB45 /* LaunchScreen.xib in Resources */ = {isa = PBXBuildFile; fileRef = F6AF8EA41AEE34ED0002EB45 /* LaunchScreen.xib */; };
		F6AF8EB21AEE34ED0002EB45 /* HelloWorldTests.swift in Sources */ = {isa = PBXBuildFile; fileRef = F6AF8EB11AEE34ED0002EB45 /* HelloWorldTests.swift */; };
/* End PBXBuildFile section */

/* Begin PBXContainerItemProxy section */
		F6AF8EAC1AEE34ED0002EB45 /* PBXContainerItemProxy */ = {
			isa = PBXContainerItemProxy;
			containerPortal = F6AF8E8E1AEE34ED0002EB45 /* Project object */;
			proxyType = 1;
			remoteGlobalIDString = F6AF8E951AEE34ED0002EB45;
			remoteInfo = HelloWorld;
		};
/* End PBXContainerItemProxy section */

/* Begin PBXFileReference section */
		F6AF8E961AEE34ED0002EB45 /* HelloWorld.app */ = {isa = PBXFileReference; explicitFileType = wrapper.application; includeInIndex = 0; path = HelloWorld.app; sourceTree = BUILT_PRODUCTS_DIR; };
		F6AF8E9A1AEE34ED0002EB45 /* Info.plist */ = {isa = PBXFileReference; lastKnownFileType = text.plist.xml; path = Info.plist; sourceTree = "<group>"; };
		F6AF8E9B1AEE34ED0002EB45 /* AppDelegate.swift */ = {isa = PBXFileReference; lastKnownFileType = sourcecode.swift; path = AppDelegate.swift; sourceTree = "<group>"; };
		F6AF8E9D1AEE34ED0002EB45 /* ViewController.swift */ = {isa = PBXFileReference; lastKnownFileType = sourcecode.swift; path = ViewController.swift; sourceTree = "<group>"; };
		F6AF8EA01AEE34ED0002EB45 /* Base */ = {isa = PBXFileReference; lastKnownFileType = file.storyboard; name = Base; path = Base.lproj/Main.storyboard; sourceTree = "<group>"; };
		F6AF8EA21AEE34ED0002EB45 /* Images.xcassets */ = {isa = PBXFileReference; lastKnownFileType = folder.assetcatalog; path = Images.xcassets; sourceTree = "<group>"; };
		F6AF8EA51AEE34ED0002EB45 /* Base */ = {isa = PBXFileReference; lastKnownFileType = file.xib; name = Base; path = Base.lproj/LaunchScreen.xib; sourceTree = "<group>"; };
		F6AF8EAB1AEE34ED0002EB45 /* HelloWorldTests.xctest */ = {isa = PBXFileReference; explicitFileType = wrapper.cfbundle; includeInIndex = 0; path = HelloWorldTests.xctest; sourceTree = BUILT_PRODUCTS_DIR; };
		F6AF8EB01AEE34ED0002EB45 /* Info.plist */ = {isa = PBXFileReference; lastKnownFileType = text.plist.xml; path = Info.plist; sourceTree = "<group>"; };
		F6AF8EB11AEE34ED0002EB45 /* HelloWorldTests.swift */ = {isa = PBXFileReference; lastKnownFileType = sourcecode.swift; path = HelloWorldTests.swift; sourceTree = "<group>"; };
/* End PBXFileReference section */

/* Begin PBXFrameworksBuildPhase section */
		F6AF8E931AEE34ED0002EB45 /* Frameworks */ = {
			isa = PBXFrameworksBuildPhase;
			buildActionMask = 2147483647;
			files = (
			);
			runOnlyForDeploymentPostprocessing = 0;
		};
		F6AF8EA81AEE34ED0002EB45 /* Frameworks */ = {
			isa = PBXFrameworksBuildPhase;
			buildActionMask = 2147483647;
			files = (
			);
			runOnlyForDeploymentPostprocessing = 0;
		};
/* End PBXFrameworksBuildPhase section */

/* Begin PBXGroup section */
		F6AF8E8D1AEE34ED0002EB45 = {
			isa = PBXGroup;
			children = (
				F6AF8E981AEE34ED0002EB45 /* HelloWorld */,
				F6AF8EAE1AEE34ED0002EB45 /* HelloWorldTests */,
				F6AF8E971AEE34ED0002EB45 /* Products */,
			);
			sourceTree = "<group>";
		};
		F6AF8E971AEE34ED0002EB45 /* Products */ = {
			isa = PBXGroup;
			children = (
				F6AF8E961AEE34ED0002EB45 /* HelloWorld.app */,
				F6AF8EAB1AEE34ED0002EB45 /* HelloWorldTests.xctest */,
			);
			name = Products;
			sourceTree = "<group>";
		};
		F6AF8E981AEE34ED0002EB45 /* HelloWorld */ = {
			isa = PBXGroup;
			children = (
				F6AF8E9B1AEE34ED0002EB45 /* AppDelegate.swift */,
				F6AF8E9D1AEE34ED0002EB45 /* ViewController.swift */,
				F6AF8E9F1AEE34ED0002EB45 /* Main.storyboard */,
				F6AF8EA21AEE34ED0002EB45 /* Images.xcassets */,
				F6AF8EA41AEE34ED0002EB45 /* LaunchScreen.xib */,
				F6AF8E991AEE34ED0002EB45 /* Supporting Files */,
			);
			path = HelloWorld;
			sourceTree = "<group>";
		};
		F6AF8E991AEE34ED0002EB45 /* Supporting Files */ = {
			isa = PBXGroup;
			children = (
				F6AF8E9A1AEE34ED0002EB45 /* Info.plist */,
			);
			name = "Supporting Files";
			sourceTree = "<group>";
		};
		F6AF8EAE1AEE34ED0002EB45 /* HelloWorldTests */ = {
			isa = PBXGroup;
			children = (
				F6AF8EB11AEE34ED0002EB45 /* HelloWorldTests.swift */,
				F6AF8EAF1AEE34ED0002EB45 /* Supporting Files */,
			);
			path = HelloWorldTests;
			sourceTree = "<group>";
		};
		F6AF8EAF1AEE34ED0002EB45 /* Supporting Files */ = {
			isa = PBXGroup;
			children = (
				F6AF8EB01AEE34ED0002EB45 /* Info.plist */,
			);
			name = "Supporting Files";
			sourceTree = "<group>";
		};
/* End PBXGroup section */

/* Begin PBXNativeTarget section */
		F6AF8E951AEE34ED0002EB45 /* HelloWorld */ = {
			isa = PBXNativeTarget;
			buildConfigurationList = F6AF8EB51AEE34ED0002EB45 /* Build configuration list for PBXNativeTarget "HelloWorld" */;
			buildPhases = (
				F6AF8E921AEE34ED0002EB45 /* Sources */,
				F6AF8E931AEE34ED0002EB45 /* Frameworks */,
				F6AF8E941AEE34ED0002EB45 /* Resources */,
			);
			buildRules = (
			);
			dependencies = (
			);
			name = HelloWorld;
			productName = HelloWorld;
			productReference = F6AF8E961AEE34ED0002EB45 /* HelloWorld.app */;
			productType = "com.apple.product-type.application";
		};
		F6AF8EAA1AEE34ED0002EB45 /* HelloWorldTests */ = {
			isa = PBXNativeTarget;
			buildConfigurationList = F6AF8EB81AEE34ED0002EB45 /* Build configuration list for PBXNativeTarget "HelloWorldTests" */;
			buildPhases = (
				F6AF8EA71AEE34ED0002EB45 /* Sources */,
				F6AF8EA81AEE34ED0002EB45 /* Frameworks */,
				F6AF8EA91AEE34ED0002EB45 /* Resources */,
			);
			buildRules = (
			);
			dependencies = (
				F6AF8EAD1AEE34ED0002EB45 /* PBXTargetDependency */,
			);
			name = HelloWorldTests;
			productName = HelloWorldTests;
			productReference = F6AF8EAB1AEE34ED0002EB45 /* HelloWorldTests.xctest */;
			productType = "com.apple.product-type.bundle.unit-test";
		};
/* End PBXNativeTarget section */

/* Begin PBXProject section */
		F6AF8E8E1AEE34ED0002EB45 /* Project object */ = {
			isa = PBXProject;
			attributes = {
				LastUpgradeCheck = 0630;
				ORGANIZATIONNAME = BCGDV;
				TargetAttributes = {
					F6AF8E951AEE34ED0002EB45 = {
						CreatedOnToolsVersion = 6.3.1;
					};
					F6AF8EAA1AEE34ED0002EB45 = {
						CreatedOnToolsVersion = 6.3.1;
						TestTargetID = F6AF8E951AEE34ED0002EB45;
					};
				};
			};
			buildConfigurationList = F6AF8E911AEE34ED0002EB45 /* Build configuration list for PBXProject "HelloWorld" */;
			compatibilityVersion = "Xcode 3.2";
			developmentRegion = English;
			hasScannedForEncodings = 0;
			knownRegions = (
				en,
				Base,
			);
			mainGroup = F6AF8E8D1AEE34ED0002EB45;
			productRefGroup = F6AF8E971AEE34ED0002EB45 /* Products */;
			projectDirPath = "";
			projectRoot = "";
			targets = (
				F6AF8E951AEE34ED0002EB45 /* HelloWorld */,
				F6AF8EAA1AEE34ED0002EB45 /* HelloWorldTests */,
			);
		};
/* End PBXProject section */

/* Begin PBXResourcesBuildPhase section */
		F6AF8E941AEE34ED0002EB45 /* Resources */ = {
			isa = PBXResourcesBuildPhase;
			buildActionMask = 2147483647;
			files = (
				F6AF8EA11AEE34ED0002EB45 /* Main.storyboard in Resources */,
				F6AF8EA61AEE34ED0002EB45 /* LaunchScreen.xib in Resources */,
				F6AF8EA31AEE34ED0002EB45 /* Images.xcassets in Resources */,
			);
			runOnlyForDeploymentPostprocessing = 0;
		};
		F6AF8EA91AEE34ED0002EB45 /* Resources */ = {
			isa = PBXResourcesBuildPhase;
			buildActionMask = 2147483647;
			files = (
			);
			runOnlyForDeploymentPostprocessing = 0;
		};
/* End PBXResourcesBuildPhase section */

/* Begin PBXSourcesBuildPhase section */
		F6AF8E921AEE34ED0002EB45 /* Sources */ = {
			isa = PBXSourcesBuildPhase;
			buildActionMask = 2147483647;
			files = (
				F6AF8E9E1AEE34ED0002EB45 /* ViewController.swift in Sources */,
				F6AF8E9C1AEE34ED0002EB45 /* AppDelegate.swift in Sources */,
			);
			runOnlyForDeploymentPostprocessing = 0;
		};
		F6AF8EA71AEE34ED0002EB45 /* Sources */ = {
			isa = PBXSourcesBuildPhase;
			buildActionMask = 2147483647;
			files = (
				F6AF8EB21AEE34ED0002EB45 /* HelloWorldTests.swift in Sources */,
			);
			runOnlyForDeploymentPostprocessing = 0;
		};
/* End PBXSourcesBuildPhase section */

/* Begin PBXTargetDependency section */
		F6AF8EAD1AEE34ED0002EB45 /* PBXTargetDependency */ = {
			isa = PBXTargetDependency;
			target = F6AF8E951AEE34ED0002EB45 /* HelloWorld */;
			targetProxy = F6AF8EAC1AEE34ED0002EB45 /* PBXContainerItemProxy */;
		};
/* End PBXTargetDependency section */

/* Begin PBXVariantGroup section */
		F6AF8E9F1AEE34ED0002EB45 /* Main.storyboard */ = {
			isa = PBXVariantGroup;
			children = (
				F6AF8EA01AEE34ED0002EB45 /* Base */,
			);
			name = Main.storyboard;
			sourceTree = "<group>";
		};
		F6AF8EA41AEE34ED0002EB45 /* LaunchScreen.xib */ = {
			isa = PBXVariantGroup;
			children = (
				F6AF8EA51AEE34ED0002EB45 /* Base */,
			);
			name = LaunchScreen.xib;
			sourceTree = "<group>";
		};
/* End PBXVariantGroup section */

/* Begin XCBuildConfiguration section */
		F6AF8EB31AEE34ED0002EB45 /* Debug */ = {
			isa = XCBuildConfiguration;
			buildSettings = {
				ALWAYS_SEARCH_USER_PATHS = NO;
				CLANG_CXX_LANGUAGE_STANDARD = "gnu++0x";
				CLANG_CXX_LIBRARY = "libc++";
				CLANG_ENABLE_MODULES = YES;
				CLANG_ENABLE_OBJC_ARC = YES;
				CLANG_WARN_BOOL_CONVERSION = YES;
				CLANG_WARN_CONSTANT_CONVERSION = YES;
				CLANG_WARN_DIRECT_OBJC_ISA_USAGE = YES_ERROR;
				CLANG_WARN_EMPTY_BODY = YES;
				CLANG_WARN_ENUM_CONVERSION = YES;
				CLANG_WARN_INT_CONVERSION = YES;
				CLANG_WARN_OBJC_ROOT_CLASS = YES_ERROR;
				CLANG_WARN_UNREACHABLE_CODE = YES;
				CLANG_WARN__DUPLICATE_METHOD_MATCH = YES;
				"CODE_SIGN_IDENTITY[sdk=iphoneos*]" = "iPhone Developer";
				COPY_PHASE_STRIP = NO;
				DEBUG_INFORMATION_FORMAT = "dwarf-with-dsym";
				ENABLE_STRICT_OBJC_MSGSEND = YES;
				GCC_C_LANGUAGE_STANDARD = gnu99;
				GCC_DYNAMIC_NO_PIC = NO;
				GCC_NO_COMMON_BLOCKS = YES;
				GCC_OPTIMIZATION_LEVEL = 0;
				GCC_PREPROCESSOR_DEFINITIONS = (
					"DEBUG=1",
					"$(inherited)",
				);
				GCC_SYMBOLS_PRIVATE_EXTERN = NO;
				GCC_WARN_64_TO_32_BIT_CONVERSION = YES;
				GCC_WARN_ABOUT_RETURN_TYPE = YES_ERROR;
				GCC_WARN_UNDECLARED_SELECTOR = YES;
				GCC_WARN_UNINITIALIZED_AUTOS = YES_AGGRESSIVE;
				GCC_WARN_UNUSED_FUNCTION = YES;
				GCC_WARN_UNUSED_VARIABLE = YES;
				IPHONEOS_DEPLOYMENT_TARGET = 8.3;
				MTL_ENABLE_DEBUG_INFO = YES;
				ONLY_ACTIVE_ARCH = YES;
				SDKROOT = iphoneos;
				SWIFT_OPTIMIZATION_LEVEL = "-Onone";
			};
			name = Debug;
		};
		F6AF8EB41AEE34ED0002EB45 /* Release */ = {
			isa = XCBuildConfiguration;
			buildSettings = {
				ALWAYS_SEARCH_USER_PATHS = NO;
				CLANG_CXX_LANGUAGE_STANDARD = "gnu++0x";
				CLANG_CXX_LIBRARY = "libc++";
				CLANG_ENABLE_MODULES = YES;
				CLANG_ENABLE_OBJC_ARC = YES;
				CLANG_WARN_BOOL_CONVERSION = YES;
				CLANG_WARN_CONSTANT_CONVERSION = YES;
				CLANG_WARN_DIRECT_OBJC_ISA_USAGE = YES_ERROR;
				CLANG_WARN_EMPTY_BODY = YES;
				CLANG_WARN_ENUM_CONVERSION = YES;
				CLANG_WARN_INT_CONVERSION = YES;
				CLANG_WARN_OBJC_ROOT_CLASS = YES_ERROR;
				CLANG_WARN_UNREACHABLE_CODE = YES;
				CLANG_WARN__DUPLICATE_METHOD_MATCH = YES;
				"CODE_SIGN_IDENTITY[sdk=iphoneos*]" = "iPhone Developer";
				COPY_PHASE_STRIP = NO;
				DEBUG_INFORMATION_FORMAT = "dwarf-with-dsym";
				ENABLE_NS_ASSERTIONS = NO;
				ENABLE_STRICT_OBJC_MSGSEND = YES;
				GCC_C_LANGUAGE_STANDARD = gnu99;
				GCC_NO_COMMON_BLOCKS = YES;
				GCC_WARN_64_TO_32_BIT_CONVERSION = YES;
				GCC_WARN_ABOUT_RETURN_TYPE = YES_ERROR;
				GCC_WARN_UNDECLARED_SELECTOR = YES;
				GCC_WARN_UNINITIALIZED_AUTOS = YES_AGGRESSIVE;
				GCC_WARN_UNUSED_FUNCTION = YES;
				GCC_WARN_UNUSED_VARIABLE = YES;
				IPHONEOS_DEPLOYMENT_TARGET = 8.3;
				MTL_ENABLE_DEBUG_INFO = NO;
				SDKROOT = iphoneos;
				VALIDATE_PRODUCT = YES;
			};
			name = Release;
		};
		F6AF8EB61AEE34ED0002EB45 /* Debug */ = {
			isa = XCBuildConfiguration;
			buildSettings = {
				ASSETCATALOG_COMPILER_APPICON_NAME = AppIcon;
				INFOPLIST_FILE = HelloWorld/Info.plist;
				LD_RUNPATH_SEARCH_PATHS = "$(inherited) @executable_path/Frameworks";
				PRODUCT_NAME = "$(TARGET_NAME)";
			};
			name = Debug;
		};
		F6AF8EB71AEE34ED0002EB45 /* Release */ = {
			isa = XCBuildConfiguration;
			buildSettings = {
				ASSETCATALOG_COMPILER_APPICON_NAME = AppIcon;
				INFOPLIST_FILE = HelloWorld/Info.plist;
				LD_RUNPATH_SEARCH_PATHS = "$(inherited) @executable_path/Frameworks";
				PRODUCT_NAME = "$(TARGET_NAME)";
			};
			name = Release;
		};
		F6AF8EB91AEE34ED0002EB45 /* Debug */ = {
			isa = XCBuildConfiguration;
			buildSettings = {
				BUNDLE_LOADER = "$(TEST_HOST)";
				FRAMEWORK_SEARCH_PATHS = (
					"$(SDKROOT)/Developer/Library/Frameworks",
					"$(inherited)",
				);
				GCC_PREPROCESSOR_DEFINITIONS = (
					"DEBUG=1",
					"$(inherited)",
				);
				INFOPLIST_FILE = HelloWorldTests/Info.plist;
				LD_RUNPATH_SEARCH_PATHS = "$(inherited) @executable_path/Frameworks @loader_path/Frameworks";
				PRODUCT_NAME = "$(TARGET_NAME)";
				TEST_HOST = "$(BUILT_PRODUCTS_DIR)/HelloWorld.app/HelloWorld";
			};
			name = Debug;
		};
		F6AF8EBA1AEE34ED0002EB45 /* Release */ = {
			isa = XCBuildConfiguration;
			buildSettings = {
				BUNDLE_LOADER = "$(TEST_HOST)";
				FRAMEWORK_SEARCH_PATHS = (
					"$(SDKROOT)/Developer/Library/Frameworks",
					"$(inherited)",
				);
				INFOPLIST_FILE = HelloWorldTests/Info.plist;
				LD_RUNPATH_SEARCH_PATHS = "$(inherited) @executable_path/Frameworks @loader_path/Frameworks";
				PRODUCT_NAME = "$(TARGET_NAME)";
				TEST_HOST = "$(BUILT_PRODUCTS_DIR)/HelloWorld.app/HelloWorld";
			};
			name = Release;
		};
/* End XCBuildConfiguration section */

/* Begin XCConfigurationList section */
		F6AF8E911AEE34ED0002EB45 /* Build configuration list for PBXProject "HelloWorld" */ = {
			isa = XCConfigurationList;
			buildConfigurations = (
				F6AF8EB31AEE34ED0002EB45 /* Debug */,
				F6AF8EB41AEE34ED0002EB45 /* Release */,
			);
			defaultConfigurationIsVisible = 0;
			defaultConfigurationName = Release;
		};
		F6AF8EB51AEE34ED0002EB45 /* Build configuration list for PBXNativeTarget "HelloWorld" */ = {
			isa = XCConfigurationList;
			buildConfigurations = (
				F6AF8EB61AEE34ED0002EB45 /* Debug */,
				F6AF8EB71AEE34ED0002EB45 /* Release */,
			);
			defaultConfigurationIsVisible = 0;
		};
		F6AF8EB81AEE34ED0002EB45 /* Build configuration list for PBXNativeTarget "HelloWorldTests" */ = {
			isa = XCConfigurationList;
			buildConfigurations = (
				F6AF8EB91AEE34ED0002EB45 /* Debug */,
				F6AF8EBA1AEE34ED0002EB45 /* Release */,
			);
			defaultConfigurationIsVisible = 0;
		};
/* End XCConfigurationList section */
	};
	rootObject = F6AF8E8E1AEE34ED0002EB45 /* Project object */;
}
